
Microsoft Visual Studio Solution File, Format Version 12.00
# Visual Studio Version 17
VisualStudioVersion = 17.4.33205.214
MinimumVisualStudioVersion = 10.0.40219.1
Project("{FAE04EC0-301F-11D3-BF4B-00C04F79EFBC}") = "SlimeMVVM.UWP", "SlimeMVVM\SlimeMVVM.UWP\SlimeMVVM.UWP.csproj", "{1E67628E-EA1E-4FDA-B382-8229889331F9}"
EndProject
Project("{FAE04EC0-301F-11D3-BF4B-00C04F79EFBC}") = "SlimeMVVM.Android", "SlimeMVVM\SlimeMVVM.Android\SlimeMVVM.Android.csproj", "{DBAEC40F-9961-45F7-B76D-ED6408D90EE1}"
EndProject
Project("{FAE04EC0-301F-11D3-BF4B-00C04F79EFBC}") = "SlimeMVVM.iOS", "SlimeMVVM\SlimeMVVM.iOS\SlimeMVVM.iOS.csproj", "{0B20ABE9-4D6B-469C-B97F-F31C1C458585}"
EndProject
Project("{FAE04EC0-301F-11D3-BF4B-00C04F79EFBC}") = "SlimeMVVM", "SlimeMVVM\SlimeMVVM\SlimeMVVM.csproj", "{C06C2E90-D89D-48E8-9F63-6F6A882AA5C6}"
EndProject
Global
	GlobalSection(SolutionConfigurationPlatforms) = preSolution
		Debug|Any CPU = Debug|Any CPU
		Debug|ARM = Debug|ARM
		Debug|iPhone = Debug|iPhone
		Debug|iPhoneSimulator = Debug|iPhoneSimulator
		Debug|x64 = Debug|x64
		Debug|x86 = Debug|x86
		Release|Any CPU = Release|Any CPU
		Release|ARM = Release|ARM
		Release|iPhone = Release|iPhone
		Release|iPhoneSimulator = Release|iPhoneSimulator
		Release|x64 = Release|x64
		Release|x86 = Release|x86
	EndGlobalSection
	GlobalSection(ProjectConfigurationPlatforms) = postSolution
		{1E67628E-EA1E-4FDA-B382-8229889331F9}.Debug|Any CPU.ActiveCfg = Debug|x64
		{1E67628E-EA1E-4FDA-B382-8229889331F9}.Debug|Any CPU.Build.0 = Debug|x64
		{1E67628E-EA1E-4FDA-B382-8229889331F9}.Debug|Any CPU.Deploy.0 = Debug|x64
		{1E67628E-EA1E-4FDA-B382-8229889331F9}.Debug|ARM.ActiveCfg = Debug|ARM
		{1E67628E-EA1E-4FDA-B382-8229889331F9}.Debug|ARM.Build.0 = Debug|ARM
		{1E67628E-EA1E-4FDA-B382-8229889331F9}.Debug|ARM.Deploy.0 = Debug|ARM
		{1E67628E-EA1E-4FDA-B382-8229889331F9}.Debug|iPhone.ActiveCfg = Debug|x64
		{1E67628E-EA1E-4FDA-B382-8229889331F9}.Debug|iPhone.Build.0 = Debug|x64
		{1E67628E-EA1E-4FDA-B382-8229889331F9}.Debug|iPhone.Deploy.0 = Debug|x64
		{1E67628E-EA1E-4FDA-B382-8229889331F9}.Debug|iPhoneSimulator.ActiveCfg = Debug|x64
		{1E67628E-EA1E-4FDA-B382-8229889331F9}.Debug|iPhoneSimulator.Build.0 = Debug|x64
		{1E67628E-EA1E-4FDA-B382-8229889331F9}.Debug|iPhoneSimulator.Deploy.0 = Debug|x64
		{1E67628E-EA1E-4FDA-B382-8229889331F9}.Debug|x64.ActiveCfg = Debug|x64
		{1E67628E-EA1E-4FDA-B382-8229889331F9}.Debug|x64.Build.0 = Debug|x64
		{1E67628E-EA1E-4FDA-B382-8229889331F9}.Debug|x64.Deploy.0 = Debug|x64
		{1E67628E-EA1E-4FDA-B382-8229889331F9}.Debug|x86.ActiveCfg = Debug|x86
		{1E67628E-EA1E-4FDA-B382-8229889331F9}.Debug|x86.Build.0 = Debug|x86
		{1E67628E-EA1E-4FDA-B382-8229889331F9}.Debug|x86.Deploy.0 = Debug|x86
		{1E67628E-EA1E-4FDA-B382-8229889331F9}.Release|Any CPU.ActiveCfg = Release|x64
		{1E67628E-EA1E-4FDA-B382-8229889331F9}.Release|Any CPU.Build.0 = Release|x64
		{1E67628E-EA1E-4FDA-B382-8229889331F9}.Release|Any CPU.Deploy.0 = Release|x64
		{1E67628E-EA1E-4FDA-B382-8229889331F9}.Release|ARM.ActiveCfg = Release|ARM
		{1E67628E-EA1E-4FDA-B382-8229889331F9}.Release|ARM.Build.0 = Release|ARM
		{1E67628E-EA1E-4FDA-B382-8229889331F9}.Release|ARM.Deploy.0 = Release|ARM
		{1E67628E-EA1E-4FDA-B382-8229889331F9}.Release|iPhone.ActiveCfg = Release|x64
		{1E67628E-EA1E-4FDA-B382-8229889331F9}.Release|iPhone.Build.0 = Release|x64
		{1E67628E-EA1E-4FDA-B382-8229889331F9}.Release|iPhone.Deploy.0 = Release|x64
		{1E67628E-EA1E-4FDA-B382-8229889331F9}.Release|iPhoneSimulator.ActiveCfg = Release|x64
		{1E67628E-EA1E-4FDA-B382-8229889331F9}.Release|iPhoneSimulator.Build.0 = Release|x64
		{1E67628E-EA1E-4FDA-B382-8229889331F9}.Release|iPhoneSimulator.Deploy.0 = Release|x64
		{1E67628E-EA1E-4FDA-B382-8229889331F9}.Release|x64.ActiveCfg = Release|x64
		{1E67628E-EA1E-4FDA-B382-8229889331F9}.Release|x64.Build.0 = Release|x64
		{1E67628E-EA1E-4FDA-B382-8229889331F9}.Release|x64.Deploy.0 = Release|x64
		{1E67628E-EA1E-4FDA-B382-8229889331F9}.Release|x86.ActiveCfg = Release|x86
		{1E67628E-EA1E-4FDA-B382-8229889331F9}.Release|x86.Build.0 = Release|x86
		{1E67628E-EA1E-4FDA-B382-8229889331F9}.Release|x86.Deploy.0 = Release|x86
		{DBAEC40F-9961-45F7-B76D-ED6408D90EE1}.Debug|Any CPU.ActiveCfg = Debug|Any CPU
		{DBAEC40F-9961-45F7-B76D-ED6408D90EE1}.Debug|Any CPU.Build.0 = Debug|Any CPU
		{DBAEC40F-9961-45F7-B76D-ED6408D90EE1}.Debug|Any CPU.Deploy.0 = Debug|Any CPU
		{DBAEC40F-9961-45F7-B76D-ED6408D90EE1}.Debug|ARM.ActiveCfg = Debug|Any CPU
		{DBAEC40F-9961-45F7-B76D-ED6408D90EE1}.Debug|ARM.Build.0 = Debug|Any CPU
		{DBAEC40F-9961-45F7-B76D-ED6408D90EE1}.Debug|ARM.Deploy.0 = Debug|Any CPU
		{DBAEC40F-9961-45F7-B76D-ED6408D90EE1}.Debug|iPhone.ActiveCfg = Debug|Any CPU
		{DBAEC40F-9961-45F7-B76D-ED6408D90EE1}.Debug|iPhone.Build.0 = Debug|Any CPU
		{DBAEC40F-9961-45F7-B76D-ED6408D90EE1}.Debug|iPhone.Deploy.0 = Debug|Any CPU
		{DBAEC40F-9961-45F7-B76D-ED6408D90EE1}.Debug|iPhoneSimulator.ActiveCfg = Debug|Any CPU
		{DBAEC40F-9961-45F7-B76D-ED6408D90EE1}.Debug|iPhoneSimulator.Build.0 = Debug|Any CPU
		{DBAEC40F-9961-45F7-B76D-ED6408D90EE1}.Debug|iPhoneSimulator.Deploy.0 = Debug|Any CPU
		{DBAEC40F-9961-45F7-B76D-ED6408D90EE1}.Debug|x64.ActiveCfg = Debug|Any CPU
		{DBAEC40F-9961-45F7-B76D-ED6408D90EE1}.Debug|x64.Build.0 = Debug|Any CPU
		{DBAEC40F-9961-45F7-B76D-ED6408D90EE1}.Debug|x64.Deploy.0 = Debug|Any CPU
		{DBAEC40F-9961-45F7-B76D-ED6408D90EE1}.Debug|x86.ActiveCfg = Debug|Any CPU
		{DBAEC40F-9961-45F7-B76D-ED6408D90EE1}.Debug|x86.Build.0 = Debug|Any CPU
		{DBAEC40F-9961-45F7-B76D-ED6408D90EE1}.Debug|x86.Deploy.0 = Debug|Any CPU
		{DBAEC40F-9961-45F7-B76D-ED6408D90EE1}.Release|Any CPU.ActiveCfg = Release|Any CPU
		{DBAEC40F-9961-45F7-B76D-ED6408D90EE1}.Release|Any CPU.Build.0 = Release|Any CPU
		{DBAEC40F-9961-45F7-B76D-ED6408D90EE1}.Release|Any CPU.Deploy.0 = Release|Any CPU
		{DBAEC40F-9961-45F7-B76D-ED6408D90EE1}.Release|ARM.ActiveCfg = Release|Any CPU
		{DBAEC40F-9961-45F7-B76D-ED6408D90EE1}.Release|ARM.Build.0 = Release|Any CPU
		{DBAEC40F-9961-45F7-B76D-ED6408D90EE1}.Release|ARM.Deploy.0 = Release|Any CPU
		{DBAEC40F-9961-45F7-B76D-ED6408D90EE1}.Release|iPhone.ActiveCfg = Release|Any CPU
		{DBAEC40F-9961-45F7-B76D-ED6408D90EE1}.Release|iPhone.Build.0 = Release|Any CPU
		{DBAEC40F-9961-45F7-B76D-ED6408D90EE1}.Release|iPhone.Deploy.0 = Release|Any CPU
		{DBAEC40F-9961-45F7-B76D-ED6408D90EE1}.Release|iPhoneSimulator.ActiveCfg = Release|Any CPU
		{DBAEC40F-9961-45F7-B76D-ED6408D90EE1}.Release|iPhoneSimulator.Build.0 = Release|Any CPU
		{DBAEC40F-9961-45F7-B76D-ED6408D90EE1}.Release|iPhoneSimulator.Deploy.0 = Release|Any CPU
		{DBAEC40F-9961-45F7-B76D-ED6408D90EE1}.Release|x64.ActiveCfg = Release|Any CPU
		{DBAEC40F-9961-45F7-B76D-ED6408D90EE1}.Release|x64.Build.0 = Release|Any CPU
		{DBAEC40F-9961-45F7-B76D-ED6408D90EE1}.Release|x64.Deploy.0 = Release|Any CPU
		{DBAEC40F-9961-45F7-B76D-ED6408D90EE1}.Release|x86.ActiveCfg = Release|Any CPU
		{DBAEC40F-9961-45F7-B76D-ED6408D90EE1}.Release|x86.Build.0 = Release|Any CPU
		{DBAEC40F-9961-45F7-B76D-ED6408D90EE1}.Release|x86.Deploy.0 = Release|Any CPU
		{0B20ABE9-4D6B-469C-B97F-F31C1C458585}.Debug|Any CPU.ActiveCfg = Debug|iPhoneSimulator
		{0B20ABE9-4D6B-469C-B97F-F31C1C458585}.Debug|Any CPU.Build.0 = Debug|iPhoneSimulator
		{0B20ABE9-4D6B-469C-B97F-F31C1C458585}.Debug|Any CPU.Deploy.0 = Debug|iPhoneSimulator
		{0B20ABE9-4D6B-469C-B97F-F31C1C458585}.Debug|ARM.ActiveCfg = Debug|iPhoneSimulator
		{0B20ABE9-4D6B-469C-B97F-F31C1C458585}.Debug|ARM.Build.0 = Debug|iPhoneSimulator
		{0B20ABE9-4D6B-469C-B97F-F31C1C458585}.Debug|ARM.Deploy.0 = Debug|iPhoneSimulator
		{0B20ABE9-4D6B-469C-B97F-F31C1C458585}.Debug|iPhone.ActiveCfg = Debug|iPhone
		{0B20ABE9-4D6B-469C-B97F-F31C1C458585}.Debug|iPhone.Build.0 = Debug|iPhone
		{0B20ABE9-4D6B-469C-B97F-F31C1C458585}.Debug|iPhone.Deploy.0 = Debug|iPhone
		{0B20ABE9-4D6B-469C-B97F-F31C1C458585}.Debug|iPhoneSimulator.ActiveCfg = Debug|iPhoneSimulator
		{0B20ABE9-4D6B-469C-B97F-F31C1C458585}.Debug|iPhoneSimulator.Build.0 = Debug|iPhoneSimulator
		{0B20ABE9-4D6B-469C-B97F-F31C1C458585}.Debug|iPhoneSimulator.Deploy.0 = Debug|iPhoneSimulator
		{0B20ABE9-4D6B-469C-B97F-F31C1C458585}.Debug|x64.ActiveCfg = Debug|iPhone
		{0B20ABE9-4D6B-469C-B97F-F31C1C458585}.Debug|x64.Build.0 = Debug|iPhone
		{0B20ABE9-4D6B-469C-B97F-F31C1C458585}.Debug|x64.Deploy.0 = Debug|iPhone
		{0B20ABE9-4D6B-469C-B97F-F31C1C458585}.Debug|x86.ActiveCfg = Debug|iPhoneSimulator
		{0B20ABE9-4D6B-469C-B97F-F31C1C458585}.Debug|x86.Build.0 = Debug|iPhoneSimulator
		{0B20ABE9-4D6B-469C-B97F-F31C1C458585}.Debug|x86.Deploy.0 = Debug|iPhoneSimulator
		{0B20ABE9-4D6B-469C-B97F-F31C1C458585}.Release|Any CPU.ActiveCfg = Release|iPhoneSimulator
		{0B20ABE9-4D6B-469C-B97F-F31C1C458585}.Release|Any CPU.Build.0 = Release|iPhoneSimulator
		{0B20ABE9-4D6B-469C-B97F-F31C1C458585}.Release|Any CPU.Deploy.0 = Release|iPhoneSimulator
		{0B20ABE9-4D6B-469C-B97F-F31C1C458585}.Release|ARM.ActiveCfg = Release|iPhoneSimulator
		{0B20ABE9-4D6B-469C-B97F-F31C1C458585}.Release|ARM.Build.0 = Release|iPhoneSimulator
		{0B20ABE9-4D6B-469C-B97F-F31C1C458585}.Release|ARM.Deploy.0 = Release|iPhoneSimulator
		{0B20ABE9-4D6B-469C-B97F-F31C1C458585}.Release|iPhone.ActiveCfg = Release|iPhone
		{0B20ABE9-4D6B-469C-B97F-F31C1C458585}.Release|iPhone.Build.0 = Release|iPhone
		{0B20ABE9-4D6B-469C-B97F-F31C1C458585}.Release|iPhone.Deploy.0 = Release|iPhone
		{0B20ABE9-4D6B-469C-B97F-F31C1C458585}.Release|iPhoneSimulator.ActiveCfg = Release|iPhoneSimulator
		{0B20ABE9-4D6B-469C-B97F-F31C1C458585}.Release|iPhoneSimulator.Build.0 = Release|iPhoneSimulator
		{0B20ABE9-4D6B-469C-B97F-F31C1C458585}.Release|iPhoneSimulator.Deploy.0 = Release|iPhoneSimulator
		{0B20ABE9-4D6B-469C-B97F-F31C1C458585}.Release|x64.ActiveCfg = Release|iPhoneSimulator
		{0B20ABE9-4D6B-469C-B97F-F31C1C458585}.Release|x64.Build.0 = Release|iPhoneSimulator
		{0B20ABE9-4D6B-469C-B97F-F31C1C458585}.Release|x64.Deploy.0 = Release|iPhoneSimulator
		{0B20ABE9-4D6B-469C-B97F-F31C1C458585}.Release|x86.ActiveCfg = Release|iPhoneSimulator
		{0B20ABE9-4D6B-469C-B97F-F31C1C458585}.Release|x86.Build.0 = Release|iPhoneSimulator
		{0B20ABE9-4D6B-469C-B97F-F31C1C458585}.Release|x86.Deploy.0 = Release|iPhoneSimulator
		{C06C2E90-D89D-48E8-9F63-6F6A882AA5C6}.Debug|Any CPU.ActiveCfg = Debug|Any CPU
		{C06C2E90-D89D-48E8-9F63-6F6A882AA5C6}.Debug|Any CPU.Build.0 = Debug|Any CPU
		{C06C2E90-D89D-48E8-9F63-6F6A882AA5C6}.Debug|Any CPU.Deploy.0 = Debug|Any CPU
		{C06C2E90-D89D-48E8-9F63-6F6A882AA5C6}.Debug|ARM.ActiveCfg = Debug|Any CPU
		{C06C2E90-D89D-48E8-9F63-6F6A882AA5C6}.Debug|ARM.Build.0 = Debug|Any CPU
		{C06C2E90-D89D-48E8-9F63-6F6A882AA5C6}.Debug|ARM.Deploy.0 = Debug|Any CPU
		{C06C2E90-D89D-48E8-9F63-6F6A882AA5C6}.Debug|iPhone.ActiveCfg = Debug|Any CPU
		{C06C2E90-D89D-48E8-9F63-6F6A882AA5C6}.Debug|iPhone.Build.0 = Debug|Any CPU
		{C06C2E90-D89D-48E8-9F63-6F6A882AA5C6}.Debug|iPhone.Deploy.0 = Debug|Any CPU
		{C06C2E90-D89D-48E8-9F63-6F6A882AA5C6}.Debug|iPhoneSimulator.ActiveCfg = Debug|Any CPU
		{C06C2E90-D89D-48E8-9F63-6F6A882AA5C6}.Debug|iPhoneSimulator.Build.0 = Debug|Any CPU
		{C06C2E90-D89D-48E8-9F63-6F6A882AA5C6}.Debug|iPhoneSimulator.Deploy.0 = Debug|Any CPU
		{C06C2E90-D89D-48E8-9F63-6F6A882AA5C6}.Debug|x64.ActiveCfg = Debug|Any CPU
		{C06C2E90-D89D-48E8-9F63-6F6A882AA5C6}.Debug|x64.Build.0 = Debug|Any CPU
		{C06C2E90-D89D-48E8-9F63-6F6A882AA5C6}.Debug|x64.Deploy.0 = Debug|Any CPU
		{C06C2E90-D89D-48E8-9F63-6F6A882AA5C6}.Debug|x86.ActiveCfg = Debug|Any CPU
		{C06C2E90-D89D-48E8-9F63-6F6A882AA5C6}.Debug|x86.Build.0 = Debug|Any CPU
		{C06C2E90-D89D-48E8-9F63-6F6A882AA5C6}.Debug|x86.Deploy.0 = Debug|Any CPU
		{C06C2E90-D89D-48E8-9F63-6F6A882AA5C6}.Release|Any CPU.ActiveCfg = Release|Any CPU
		{C06C2E90-D89D-48E8-9F63-6F6A882AA5C6}.Release|Any CPU.Build.0 = Release|Any CPU
		{C06C2E90-D89D-48E8-9F63-6F6A882AA5C6}.Release|Any CPU.Deploy.0 = Release|Any CPU
		{C06C2E90-D89D-48E8-9F63-6F6A882AA5C6}.Release|ARM.ActiveCfg = Release|Any CPU
		{C06C2E90-D89D-48E8-9F63-6F6A882AA5C6}.Release|ARM.Build.0 = Release|Any CPU
		{C06C2E90-D89D-48E8-9F63-6F6A882AA5C6}.Release|ARM.Deploy.0 = Release|Any CPU
		{C06C2E90-D89D-48E8-9F63-6F6A882AA5C6}.Release|iPhone.ActiveCfg = Release|Any CPU
		{C06C2E90-D89D-48E8-9F63-6F6A882AA5C6}.Release|iPhone.Build.0 = Release|Any CPU
		{C06C2E90-D89D-48E8-9F63-6F6A882AA5C6}.Release|iPhone.Deploy.0 = Release|Any CPU
		{C06C2E90-D89D-48E8-9F63-6F6A882AA5C6}.Release|iPhoneSimulator.ActiveCfg = Release|Any CPU
		{C06C2E90-D89D-48E8-9F63-6F6A882AA5C6}.Release|iPhoneSimulator.Build.0 = Release|Any CPU
		{C06C2E90-D89D-48E8-9F63-6F6A882AA5C6}.Release|iPhoneSimulator.Deploy.0 = Release|Any CPU
		{C06C2E90-D89D-48E8-9F63-6F6A882AA5C6}.Release|x64.ActiveCfg = Release|Any CPU
		{C06C2E90-D89D-48E8-9F63-6F6A882AA5C6}.Release|x64.Build.0 = Release|Any CPU
		{C06C2E90-D89D-48E8-9F63-6F6A882AA5C6}.Release|x64.Deploy.0 = Release|Any CPU
		{C06C2E90-D89D-48E8-9F63-6F6A882AA5C6}.Release|x86.ActiveCfg = Release|Any CPU
		{C06C2E90-D89D-48E8-9F63-6F6A882AA5C6}.Release|x86.Build.0 = Release|Any CPU
		{C06C2E90-D89D-48E8-9F63-6F6A882AA5C6}.Release|x86.Deploy.0 = Release|Any CPU
	EndGlobalSection
	GlobalSection(SolutionProperties) = preSolution
		HideSolutionNode = FALSE
	EndGlobalSection
	GlobalSection(ExtensibilityGlobals) = postSolution
		SolutionGuid = {197A366A-BD66-4FEE-BDD9-744317BA0B8A}
	EndGlobalSection
EndGlobal
